
Microsoft Visual Studio Solution File, Format Version 12.00
# Visual Studio Version 16
VisualStudioVersion = 16.0.33027.164
MinimumVisualStudioVersion = 10.0.40219.1
Project("{FAE04EC0-301F-11D3-BF4B-00C04F79EFBC}") = "GenerischerPirat", "GenerischerPirat.csproj", "{41C4D96A-3F13-4EE3-BFDC-A416FE004C89}"
EndProject
Global
	GlobalSection(SolutionConfigurationPlatforms) = preSolution
		Debug|Any CPU = Debug|Any CPU
		Release|Any CPU = Release|Any CPU
	EndGlobalSection
	GlobalSection(ProjectConfigurationPlatforms) = postSolution
		{41C4D96A-3F13-4EE3-BFDC-A416FE004C89}.Debug|Any CPU.ActiveCfg = Debug|Any CPU
		{41C4D96A-3F13-4EE3-BFDC-A416FE004C89}.Debug|Any CPU.Build.0 = Debug|Any CPU
		{41C4D96A-3F13-4EE3-BFDC-A416FE004C89}.Release|Any CPU.ActiveCfg = Release|Any CPU
		{41C4D96A-3F13-4EE3-BFDC-A416FE004C89}.Release|Any CPU.Build.0 = Release|Any CPU
	EndGlobalSection
	GlobalSection(SolutionProperties) = preSolution
		HideSolutionNode = FALSE
	EndGlobalSection
	GlobalSection(ExtensibilityGlobals) = postSolution
		SolutionGuid = {4B153546-DBEF-4A97-A288-B6D37F5FF37D}
	EndGlobalSection
EndGlobal
